
Microsoft Visual Studio Solution File, Format Version 12.00
# Visual Studio Version 17
VisualStudioVersion = 17.7.34031.279
MinimumVisualStudioVersion = 10.0.40219.1
Project("{9A19103F-16F7-4668-BE54-9A1E7A4F7556}") = "SpendingApp", "SpendingApp\SpendingApp.csproj", "{A0FE0F3B-EC66-4146-AA07-659ECC5E9DEA}"
EndProject
Global
	GlobalSection(SolutionConfigurationPlatforms) = preSolution
		Debug|Any CPU = Debug|Any CPU
		Release|Any CPU = Release|Any CPU
	EndGlobalSection
	GlobalSection(ProjectConfigurationPlatforms) = postSolution
		{A0FE0F3B-EC66-4146-AA07-659ECC5E9DEA}.Debug|Any CPU.ActiveCfg = Debug|Any CPU
		{A0FE0F3B-EC66-4146-AA07-659ECC5E9DEA}.Debug|Any CPU.Build.0 = Debug|Any CPU
		{A0FE0F3B-EC66-4146-AA07-659ECC5E9DEA}.Release|Any CPU.ActiveCfg = Release|Any CPU
		{A0FE0F3B-EC66-4146-AA07-659ECC5E9DEA}.Release|Any CPU.Build.0 = Release|Any CPU
	EndGlobalSection
	GlobalSection(SolutionProperties) = preSolution
		HideSolutionNode = FALSE
	EndGlobalSection
	GlobalSection(ExtensibilityGlobals) = postSolution
		SolutionGuid = {1A7E7A23-E96E-4375-BA45-AC4F48C95510}
	EndGlobalSection
EndGlobal
